
Microsoft Visual Studio Solution File, Format Version 12.00
# Visual Studio Version 17
VisualStudioVersion = 17.5.33530.505
MinimumVisualStudioVersion = 10.0.40219.1
Project("{FAE04EC0-301F-11D3-BF4B-00C04F79EFBC}") = "EncryptAPI", "EncryptAPI.csproj", "{192FFD99-377C-4B59-A936-AECEC7276C8B}"
EndProject
Global
	GlobalSection(SolutionConfigurationPlatforms) = preSolution
		Debug|Any CPU = Debug|Any CPU
		Release|Any CPU = Release|Any CPU
	EndGlobalSection
	GlobalSection(ProjectConfigurationPlatforms) = postSolution
		{192FFD99-377C-4B59-A936-AECEC7276C8B}.Debug|Any CPU.ActiveCfg = Debug|Any CPU
		{192FFD99-377C-4B59-A936-AECEC7276C8B}.Debug|Any CPU.Build.0 = Debug|Any CPU
		{192FFD99-377C-4B59-A936-AECEC7276C8B}.Release|Any CPU.ActiveCfg = Release|Any CPU
		{192FFD99-377C-4B59-A936-AECEC7276C8B}.Release|Any CPU.Build.0 = Release|Any CPU
	EndGlobalSection
	GlobalSection(SolutionProperties) = preSolution
		HideSolutionNode = FALSE
	EndGlobalSection
	GlobalSection(ExtensibilityGlobals) = postSolution
		SolutionGuid = {B9DA7B15-00F7-4123-8C10-4A7A48A74D07}
	EndGlobalSection
EndGlobal
